Microsoft Visual Studio Solution File, Format Version 12.00
# Visual Studio Version 17
VisualStudioVersion = 17.2.32616.157
MinimumVisualStudioVersion = 10.0.40219.1
Project("{2150E333-8FDC-42A3-9474-1A3956D46DE8}") = "Solution Items", "Solution Items", "{8CC56491-C17C-44A5-8686-C41491E2E624}"
	ProjectSection(SolutionItems) = preProject
		src\Directory.Build.props = src\Directory.Build.props
	EndProjectSection
EndProject
Project("{FAE04EC0-301F-11D3-BF4B-00C04F79EFBC}") = "DotnetWorkloadExperiments", "src\DotnetWorkloadExperiments\DotnetWorkloadExperiments.csproj", "{752C1F9E-7A3B-49DE-BBD7-8D02098FAAAE}"
EndProject
Global
	GlobalSection(SolutionConfigurationPlatforms) = preSolution
		Debug|Any CPU = Debug|Any CPU
		Release|Any CPU = Release|Any CPU
	EndGlobalSection
	GlobalSection(ProjectConfigurationPlatforms) = postSolution
		{752C1F9E-7A3B-49DE-BBD7-8D02098FAAAE}.Debug|Any CPU.ActiveCfg = Debug|Any CPU
		{752C1F9E-7A3B-49DE-BBD7-8D02098FAAAE}.Debug|Any CPU.Build.0 = Debug|Any CPU
		{752C1F9E-7A3B-49DE-BBD7-8D02098FAAAE}.Release|Any CPU.ActiveCfg = Release|Any CPU
		{752C1F9E-7A3B-49DE-BBD7-8D02098FAAAE}.Release|Any CPU.Build.0 = Release|Any CPU
	EndGlobalSection
	GlobalSection(SolutionProperties) = preSolution
		HideSolutionNode = FALSE
	EndGlobalSection
	GlobalSection(ExtensibilityGlobals) = postSolution
		SolutionGuid = {6C1E6B0F-E4E8-410D-A9C6-D9128CAC4EC8}
	EndGlobalSection
EndGlobal
